// !$*UTF8*$!
{
	archiveVersion = 1;
	classes = {
	};
	objectVersion = 48;
	objects = {

/* Begin PBXBuildFile section */
		4A02B6F92018E38600B92AF7 /* AppDelegate.swift in Sources */ = {isa = PBXBuildFile; fileRef = 4A02B6F82018E38600B92AF7 /* AppDelegate.swift */; };
		4A02B6FB2018E38600B92AF7 /* ViewController.swift in Sources */ = {isa = PBXBuildFile; fileRef = 4A02B6FA2018E38600B92AF7 /* ViewController.swift */; };
		4A02B6FE2018E38600B92AF7 /* Main.storyboard in Resources */ = {isa = PBXBuildFile; fileRef = 4A02B6FC2018E38600B92AF7 /* Main.storyboard */; };
		4A02B7002018E38600B92AF7 /* Assets.xcassets in Resources */ = {isa = PBXBuildFile; fileRef = 4A02B6FF2018E38600B92AF7 /* Assets.xcassets */; };
		4A02B7032018E38600B92AF7 /* LaunchScreen.storyboard in Resources */ = {isa = PBXBuildFile; fileRef = 4A02B7012018E38600B92AF7 /* LaunchScreen.storyboard */; };
		4A02B70E2018E38600B92AF7 /* Air_QualityTests.swift in Sources */ = {isa = PBXBuildFile; fileRef = 4A02B70D2018E38600B92AF7 /* Air_QualityTests.swift */; };
/* End PBXBuildFile section */

/* Begin PBXContainerItemProxy section */
		4A02B70A2018E38600B92AF7 /* PBXContainerItemProxy */ = {
			isa = PBXContainerItemProxy;
			containerPortal = 4A02B6ED2018E38600B92AF7 /* Project object */;
			proxyType = 1;
			remoteGlobalIDString = 4A02B6F42018E38600B92AF7;
			remoteInfo = "Air Quality";
		};
/* End PBXContainerItemProxy section */

/* Begin PBXFileReference section */
		4A02B6F52018E38600B92AF7 /* Air Quality.app */ = {isa = PBXFileReference; explicitFileType = wrapper.application; includeInIndex = 0; path = "Air Quality.app"; sourceTree = BUILT_PRODUCTS_DIR; };
		4A02B6F82018E38600B92AF7 /* AppDelegate.swift */ = {isa = PBXFileReference; lastKnownFileType = sourcecode.swift; path = AppDelegate.swift; sourceTree = "<group>"; };
		4A02B6FA2018E38600B92AF7 /* ViewController.swift */ = {isa = PBXFileReference; lastKnownFileType = sourcecode.swift; path = ViewController.swift; sourceTree = "<group>"; };
		4A02B6FD2018E38600B92AF7 /* Base */ = {isa = PBXFileReference; lastKnownFileType = file.storyboard; name = Base; path = Base.lproj/Main.storyboard; sourceTree = "<group>"; };
		4A02B6FF2018E38600B92AF7 /* Assets.xcassets */ = {isa = PBXFileReference; lastKnownFileType = folder.assetcatalog; path = Assets.xcassets; sourceTree = "<group>"; };
		4A02B7022018E38600B92AF7 /* Base */ = {isa = PBXFileReference; lastKnownFileType = file.storyboard; name = Base; path = Base.lproj/LaunchScreen.storyboard; sourceTree = "<group>"; };
		4A02B7042018E38600B92AF7 /* Info.plist */ = {isa = PBXFileReference; lastKnownFileType = text.plist.xml; path = Info.plist; sourceTree = "<group>"; };
		4A02B7092018E38600B92AF7 /* Air QualityTests.xctest */ = {isa = PBXFileReference; explicitFileType = wrapper.cfbundle; includeInIndex = 0; path = "Air QualityTests.xctest"; sourceTree = BUILT_PRODUCTS_DIR; };
		4A02B70D2018E38600B92AF7 /* Air_QualityTests.swift */ = {isa = PBXFileReference; lastKnownFileType = sourcecode.swift; path = Air_QualityTests.swift; sourceTree = "<group>"; };
		4A02B70F2018E38600B92AF7 /* Info.plist */ = {isa = PBXFileReference; lastKnownFileType = text.plist.xml; path = Info.plist; sourceTree = "<group>"; };
/* End PBXFileReference section */

/* Begin PBXFrameworksBuildPhase section */
		4A02B6F22018E38600B92AF7 /* Frameworks */ = {
			isa = PBXFrameworksBuildPhase;
			buildActionMask = 2147483647;
			files = (
			);
			runOnlyForDeploymentPostprocessing = 0;
		};
		4A02B7062018E38600B92AF7 /* Frameworks */ = {
			isa = PBXFrameworksBuildPhase;
			buildActionMask = 2147483647;
			files = (
			);
			runOnlyForDeploymentPostprocessing = 0;
		};
/* End PBXFrameworksBuildPhase section */

/* Begin PBXGroup section */
		4A02B6EC2018E38600B92AF7 = {
			isa = PBXGroup;
			children = (
				4A02B6F72018E38600B92AF7 /* Air Quality */,
				4A02B70C2018E38600B92AF7 /* Air QualityTests */,
				4A02B6F62018E38600B92AF7 /* Products */,
			);
			sourceTree = "<group>";
		};
		4A02B6F62018E38600B92AF7 /* Products */ = {
			isa = PBXGroup;
			children = (
				4A02B6F52018E38600B92AF7 /* Air Quality.app */,
				4A02B7092018E38600B92AF7 /* Air QualityTests.xctest */,
			);
			name = Products;
			sourceTree = "<group>";
		};
		4A02B6F72018E38600B92AF7 /* Air Quality */ = {
			isa = PBXGroup;
			children = (
				4A02B6F82018E38600B92AF7 /* AppDelegate.swift */,
				4A02B6FA2018E38600B92AF7 /* ViewController.swift */,
				4A02B6FC2018E38600B92AF7 /* Main.storyboard */,
				4A02B6FF2018E38600B92AF7 /* Assets.xcassets */,
				4A02B7012018E38600B92AF7 /* LaunchScreen.storyboard */,
				4A02B7042018E38600B92AF7 /* Info.plist */,
			);
			path = "Air Quality";
			sourceTree = "<group>";
		};
		4A02B70C2018E38600B92AF7 /* Air QualityTests */ = {
			isa = PBXGroup;
			children = (
				4A02B70D2018E38600B92AF7 /* Air_QualityTests.swift */,
				4A02B70F2018E38600B92AF7 /* Info.plist */,
			);
			path = "Air QualityTests";
			sourceTree = "<group>";
		};
/* End PBXGroup section */

/* Begin PBXNativeTarget section */
		4A02B6F42018E38600B92AF7 /* Air Quality */ = {
			isa = PBXNativeTarget;
			buildConfigurationList = 4A02B7122018E38600B92AF7 /* Build configuration list for PBXNativeTarget "Air Quality" */;
			buildPhases = (
				4A02B6F12018E38600B92AF7 /* Sources */,
				4A02B6F22018E38600B92AF7 /* Frameworks */,
				4A02B6F32018E38600B92AF7 /* Resources */,
			);
			buildRules = (
			);
			dependencies = (
			);
			name = "Air Quality";
			productName = "Air Quality";
			productReference = 4A02B6F52018E38600B92AF7 /* Air Quality.app */;
			productType = "com.apple.product-type.application";
		};
		4A02B7082018E38600B92AF7 /* Air QualityTests */ = {
			isa = PBXNativeTarget;
			buildConfigurationList = 4A02B7152018E38600B92AF7 /* Build configuration list for PBXNativeTarget "Air QualityTests" */;
			buildPhases = (
				4A02B7052018E38600B92AF7 /* Sources */,
				4A02B7062018E38600B92AF7 /* Frameworks */,
				4A02B7072018E38600B92AF7 /* Resources */,
			);
			buildRules = (
			);
			dependencies = (
				4A02B70B2018E38600B92AF7 /* PBXTargetDependency */,
			);
			name = "Air QualityTests";
			productName = "Air QualityTests";
			productReference = 4A02B7092018E38600B92AF7 /* Air QualityTests.xctest */;
			productType = "com.apple.product-type.bundle.unit-test";
		};
/* End PBXNativeTarget section */

/* Begin PBXProject section */
		4A02B6ED2018E38600B92AF7 /* Project object */ = {
			isa = PBXProject;
			attributes = {
				LastSwiftUpdateCheck = 0920;
				LastUpgradeCheck = 0920;
				ORGANIZATIONNAME = "Anthony Hoang";
				TargetAttributes = {
					4A02B6F42018E38600B92AF7 = {
						CreatedOnToolsVersion = 9.2;
						ProvisioningStyle = Automatic;
					};
					4A02B7082018E38600B92AF7 = {
						CreatedOnToolsVersion = 9.2;
						ProvisioningStyle = Automatic;
						TestTargetID = 4A02B6F42018E38600B92AF7;
					};
				};
			};
			buildConfigurationList = 4A02B6F02018E38600B92AF7 /* Build configuration list for PBXProject "Air Quality" */;
			compatibilityVersion = "Xcode 8.0";
			developmentRegion = en;
			hasScannedForEncodings = 0;
			knownRegions = (
				en,
				Base,
			);
			mainGroup = 4A02B6EC2018E38600B92AF7;
			productRefGroup = 4A02B6F62018E38600B92AF7 /* Products */;
			projectDirPath = "";
			projectRoot = "";
			targets = (
				4A02B6F42018E38600B92AF7 /* Air Quality */,
				4A02B7082018E38600B92AF7 /* Air QualityTests */,
			);
		};
/* End PBXProject section */

/* Begin PBXResourcesBuildPhase section */
		4A02B6F32018E38600B92AF7 /* Resources */ = {
			isa = PBXResourcesBuildPhase;
			buildActionMask = 2147483647;
			files = (
				4A02B7032018E38600B92AF7 /* LaunchScreen.storyboard in Resources */,
				4A02B7002018E38600B92AF7 /* Assets.xcassets in Resources */,
				4A02B6FE2018E38600B92AF7 /* Main.storyboard in Resources */,
			);
			runOnlyForDeploymentPostprocessing = 0;
		};
		4A02B7072018E38600B92AF7 /* Resources */ = {
			isa = PBXResourcesBuildPhase;
			buildActionMask = 2147483647;
			files = (
			);
			runOnlyForDeploymentPostprocessing = 0;
		};
/* End PBXResourcesBuildPhase section */

/* Begin PBXSourcesBuildPhase section */
		4A02B6F12018E38600B92AF7 /* Sources */ = {
			isa = PBXSourcesBuildPhase;
			buildActionMask = 2147483647;
			files = (
				4A02B6FB2018E38600B92AF7 /* ViewController.swift in Sources */,
				4A02B6F92018E38600B92AF7 /* AppDelegate.swift in Sources */,
			);
			runOnlyForDeploymentPostprocessing = 0;
		};
		4A02B7052018E38600B92AF7 /* Sources */ = {
			isa = PBXSourcesBuildPhase;
			buildActionMask = 2147483647;
			files = (
				4A02B70E2018E38600B92AF7 /* Air_QualityTests.swift in Sources */,
			);
			runOnlyForDeploymentPostprocessing = 0;
		};
/* End PBXSourcesBuildPhase section */

/* Begin PBXTargetDependency section */
		4A02B70B2018E38600B92AF7 /* PBXTargetDependency */ = {
			isa = PBXTargetDependency;
			target = 4A02B6F42018E38600B92AF7 /* Air Quality */;
			targetProxy = 4A02B70A2018E38600B92AF7 /* PBXContainerItemProxy */;
		};
/* End PBXTargetDependency section */

/* Begin PBXVariantGroup section */
		4A02B6FC2018E38600B92AF7 /* Main.storyboard */ = {
			isa = PBXVariantGroup;
			children = (
				4A02B6FD2018E38600B92AF7 /* Base */,
			);
			name = Main.storyboard;
			sourceTree = "<group>";
		};
		4A02B7012018E38600B92AF7 /* LaunchScreen.storyboard */ = {
			isa = PBXVariantGroup;
			children = (
				4A02B7022018E38600B92AF7 /* Base */,
			);
			name = LaunchScreen.storyboard;
			sourceTree = "<group>";
		};
/* End PBXVariantGroup section */

/* Begin XCBuildConfiguration section */
		4A02B7102018E38600B92AF7 /* Debug */ = {
			isa = XCBuildConfiguration;
			buildSettings = {
				ALWAYS_SEARCH_USER_PATHS = NO;
				CLANG_ANALYZER_NONNULL = YES;
				CLANG_ANALYZER_NUMBER_OBJECT_CONVERSION = YES_AGGRESSIVE;
				CLANG_CXX_LANGUAGE_STANDARD = "gnu++14";
				CLANG_CXX_LIBRARY = "libc++";
				CLANG_ENABLE_MODULES = YES;
				CLANG_ENABLE_OBJC_ARC = YES;
				CLANG_WARN_BLOCK_CAPTURE_AUTORELEASING = YES;
				CLANG_WARN_BOOL_CONVERSION = YES;
				CLANG_WARN_COMMA = YES;
				CLANG_WARN_CONSTANT_CONVERSION = YES;
				CLANG_WARN_DIRECT_OBJC_ISA_USAGE = YES_ERROR;
				CLANG_WARN_DOCUMENTATION_COMMENTS = YES;
				CLANG_WARN_EMPTY_BODY = YES;
				CLANG_WARN_ENUM_CONVERSION = YES;
				CLANG_WARN_INFINITE_RECURSION = YES;
				CLANG_WARN_INT_CONVERSION = YES;
				CLANG_WARN_NON_LITERAL_NULL_CONVERSION = YES;
				CLANG_WARN_OBJC_LITERAL_CONVERSION = YES;
				CLANG_WARN_OBJC_ROOT_CLASS = YES_ERROR;
				CLANG_WARN_RANGE_LOOP_ANALYSIS = YES;
				CLANG_WARN_STRICT_PROTOTYPES = YES;
				CLANG_WARN_SUSPICIOUS_MOVE = YES;
				CLANG_WARN_UNGUARDED_AVAILABILITY = YES_AGGRESSIVE;
				CLANG_WARN_UNREACHABLE_CODE = YES;
				CLANG_WARN__DUPLICATE_METHOD_MATCH = YES;
				CODE_SIGN_IDENTITY = "iPhone Developer";
				COPY_PHASE_STRIP = NO;
				DEBUG_INFORMATION_FORMAT = dwarf;
				ENABLE_STRICT_OBJC_MSGSEND = YES;
				ENABLE_TESTABILITY = YES;
				GCC_C_LANGUAGE_STANDARD = gnu11;
				GCC_DYNAMIC_NO_PIC = NO;
				GCC_NO_COMMON_BLOCKS = YES;
				GCC_OPTIMIZATION_LEVEL = 0;
				GCC_PREPROCESSOR_DEFINITIONS = (
					"DEBUG=1",
					"$(inherited)",
				);
				GCC_WARN_64_TO_32_BIT_CONVERSION = YES;
				GCC_WARN_ABOUT_RETURN_TYPE = YES_ERROR;
				GCC_WARN_UNDECLARED_SELECTOR = YES;
				GCC_WARN_UNINITIALIZED_AUTOS = YES_AGGRESSIVE;
				GCC_WARN_UNUSED_FUNCTION = YES;
				GCC_WARN_UNUSED_VARIABLE = YES;
				IPHONEOS_DEPLOYMENT_TARGET = 11.2;
				MTL_ENABLE_DEBUG_INFO = YES;
				ONLY_ACTIVE_ARCH = YES;
				SDKROOT = iphoneos;
				SWIFT_ACTIVE_COMPILATION_CONDITIONS = DEBUG;
				SWIFT_OPTIMIZATION_LEVEL = "-Onone";
			};
			name = Debug;
		};
		4A02B7112018E38600B92AF7 /* Release */ = {
			isa = XCBuildConfiguration;
			buildSettings = {
				ALWAYS_SEARCH_USER_PATHS = NO;
				CLANG_ANALYZER_NONNULL = YES;
				CLANG_ANALYZER_NUMBER_OBJECT_CONVERSION = YES_AGGRESSIVE;
				CLANG_CXX_LANGUAGE_STANDARD = "gnu++14";
				CLANG_CXX_LIBRARY = "libc++";
				CLANG_ENABLE_MODULES = YES;
				CLANG_ENABLE_OBJC_ARC = YES;
				CLANG_WARN_BLOCK_CAPTURE_AUTORELEASING = YES;
				CLANG_WARN_BOOL_CONVERSION = YES;
				CLANG_WARN_COMMA = YES;
				CLANG_WARN_CONSTANT_CONVERSION = YES;
				CLANG_WARN_DIRECT_OBJC_ISA_USAGE = YES_ERROR;
				CLANG_WARN_DOCUMENTATION_COMMENTS = YES;
				CLANG_WARN_EMPTY_BODY = YES;
				CLANG_WARN_ENUM_CONVERSION = YES;
				CLANG_WARN_INFINITE_RECURSION = YES;
				CLANG_WARN_INT_CONVERSION = YES;
				CLANG_WARN_NON_LITERAL_NULL_CONVERSION = YES;
				CLANG_WARN_OBJC_LITERAL_CONVERSION = YES;
				CLANG_WARN_OBJC_ROOT_CLASS = YES_ERROR;
				CLANG_WARN_RANGE_LOOP_ANALYSIS = YES;
				CLANG_WARN_STRICT_PROTOTYPES = YES;
				CLANG_WARN_SUSPICIOUS_MOVE = YES;
				CLANG_WARN_UNGUARDED_AVAILABILITY = YES_AGGRESSIVE;
				CLANG_WARN_UNREACHABLE_CODE = YES;
				CLANG_WARN__DUPLICATE_METHOD_MATCH = YES;
				CODE_SIGN_IDENTITY = "iPhone Developer";
				COPY_PHASE_STRIP = NO;
				DEBUG_INFORMATION_FORMAT = "dwarf-with-dsym";
				ENABLE_NS_ASSERTIONS = NO;
				ENABLE_STRICT_OBJC_MSGSEND = YES;
				GCC_C_LANGUAGE_STANDARD = gnu11;
				GCC_NO_COMMON_BLOCKS = YES;
				GCC_WARN_64_TO_32_BIT_CONVERSION = YES;
				GCC_WARN_ABOUT_RETURN_TYPE = YES_ERROR;
				GCC_WARN_UNDECLARED_SELECTOR = YES;
				GCC_WARN_UNINITIALIZED_AUTOS = YES_AGGRESSIVE;
				GCC_WARN_UNUSED_FUNCTION = YES;
				GCC_WARN_UNUSED_VARIABLE = YES;
				IPHONEOS_DEPLOYMENT_TARGET = 11.2;
				MTL_ENABLE_DEBUG_INFO = NO;
				SDKROOT = iphoneos;
				SWIFT_OPTIMIZATION_LEVEL = "-Owholemodule";
				VALIDATE_PRODUCT = YES;
			};
			name = Release;
		};
		4A02B7132018E38600B92AF7 /* Debug */ = {
			isa = XCBuildConfiguration;
			buildSettings = {
				ASSETCATALOG_COMPILER_APPICON_NAME = AppIcon;
				CODE_SIGN_STYLE = Automatic;
				DEVELOPMENT_TEAM = 694SF89BJ3;
				INFOPLIST_FILE = "Air Quality/Info.plist";
				LD_RUNPATH_SEARCH_PATHS = "$(inherited) @executable_path/Frameworks";
				PRODUCT_BUNDLE_IDENTIFIER = "com.dopedevelopment.Air-Quality";
				PRODUCT_NAME = "$(TARGET_NAME)";
				SWIFT_VERSION = 4.0;
				TARGETED_DEVICE_FAMILY = "1,2";
			};
			name = Debug;
		};
		4A02B7142018E38600B92AF7 /* Release */ = {
			isa = XCBuildConfiguration;
			buildSettings = {
				ASSETCATALOG_COMPILER_APPICON_NAME = AppIcon;
				CODE_SIGN_STYLE = Automatic;
				DEVELOPMENT_TEAM = 694SF89BJ3;
				INFOPLIST_FILE = "Air Quality/Info.plist";
				LD_RUNPATH_SEARCH_PATHS = "$(inherited) @executable_path/Frameworks";
				PRODUCT_BUNDLE_IDENTIFIER = "com.dopedevelopment.Air-Quality";
				PRODUCT_NAME = "$(TARGET_NAME)";
				SWIFT_VERSION = 4.0;
				TARGETED_DEVICE_FAMILY = "1,2";
			};
			name = Release;
		};
		4A02B7162018E38600B92AF7 /* Debug */ = {
			isa = XCBuildConfiguration;
			buildSettings = {
				ALWAYS_EMBED_SWIFT_STANDARD_LIBRARIES = YES;
				BUNDLE_LOADER = "$(TEST_HOST)";
				CODE_SIGN_STYLE = Automatic;
				DEVELOPMENT_TEAM = 694SF89BJ3;
				INFOPLIST_FILE = "Air QualityTests/Info.plist";
				LD_RUNPATH_SEARCH_PATHS = "$(inherited) @executable_path/Frameworks @loader_path/Frameworks";
				PRODUCT_BUNDLE_IDENTIFIER = "com.dopedevelopment.Air-QualityTests";
				PRODUCT_NAME = "$(TARGET_NAME)";
				SWIFT_VERSION = 4.0;
				TARGETED_DEVICE_FAMILY = "1,2";
				TEST_HOST = "$(BUILT_PRODUCTS_DIR)/Air Quality.app/Air Quality";
			};
			name = Debug;
		};
		4A02B7172018E38600B92AF7 /* Release */ = {
			isa = XCBuildConfiguration;
			buildSettings = {
				ALWAYS_EMBED_SWIFT_STANDARD_LIBRARIES = YES;
				BUNDLE_LOADER = "$(TEST_HOST)";
				CODE_SIGN_STYLE = Automatic;
				DEVELOPMENT_TEAM = 694SF89BJ3;
				INFOPLIST_FILE = "Air QualityTests/Info.plist";
				LD_RUNPATH_SEARCH_PATHS = "$(inherited) @executable_path/Frameworks @loader_path/Frameworks";
				PRODUCT_BUNDLE_IDENTIFIER = "com.dopedevelopment.Air-QualityTests";
				PRODUCT_NAME = "$(TARGET_NAME)";
				SWIFT_VERSION = 4.0;
				TARGETED_DEVICE_FAMILY = "1,2";
				TEST_HOST = "$(BUILT_PRODUCTS_DIR)/Air Quality.app/Air Quality";
			};
			name = Release;
		};
/* End XCBuildConfiguration section */

/* Begin XCConfigurationList section */
		4A02B6F02018E38600B92AF7 /* Build configuration list for PBXProject "Air Quality" */ = {
			isa = XCConfigurationList;
			buildConfigurations = (
				4A02B7102018E38600B92AF7 /* Debug */,
				4A02B7112018E38600B92AF7 /* Release */,
			);
			defaultConfigurationIsVisible = 0;
			defaultConfigurationName = Release;
		};
		4A02B7122018E38600B92AF7 /* Build configuration list for PBXNativeTarget "Air Quality" */ = {
			isa = XCConfigurationList;
			buildConfigurations = (
				4A02B7132018E38600B92AF7 /* Debug */,
				4A02B7142018E38600B92AF7 /* Release */,
			);
			defaultConfigurationIsVisible = 0;
			defaultConfigurationName = Release;
		};
		4A02B7152018E38600B92AF7 /* Build configuration list for PBXNativeTarget "Air QualityTests" */ = {
			isa = XCConfigurationList;
			buildConfigurations = (
				4A02B7162018E38600B92AF7 /* Debug */,
				4A02B7172018E38600B92AF7 /* Release */,
			);
			defaultConfigurationIsVisible = 0;
			defaultConfigurationName = Release;
		};
/* End XCConfigurationList section */
	};
	rootObject = 4A02B6ED2018E38600B92AF7 /* Project object */;
}
