// !$*UTF8*$!
{
	archiveVersion = 1;
	classes = {
	};
	objectVersion = 48;
	objects = {

/* Begin PBXBuildFile section */
		4A02B6F92018E38600B92AF7 /* AppDelegate.swift in Sources */ = {isa = PBXBuildFile; fileRef = 4A02B6F82018E38600B92AF7 /* AppDelegate.swift */; };
		4A02B6FE2018E38600B92AF7 /* Main.storyboard in Resources */ = {isa = PBXBuildFile; fileRef = 4A02B6FC2018E38600B92AF7 /* Main.storyboard */; };
		4A02B7002018E38600B92AF7 /* Assets.xcassets in Resources */ = {isa = PBXBuildFile; fileRef = 4A02B6FF2018E38600B92AF7 /* Assets.xcassets */; };
		4A02B7032018E38600B92AF7 /* LaunchScreen.storyboard in Resources */ = {isa = PBXBuildFile; fileRef = 4A02B7012018E38600B92AF7 /* LaunchScreen.storyboard */; };
		4A02B70E2018E38600B92AF7 /* Air_QualityTests.swift in Sources */ = {isa = PBXBuildFile; fileRef = 4A02B70D2018E38600B92AF7 /* Air_QualityTests.swift */; };
		4A42BF0B201A941300AC91DF /* CitiesListViewModelTests.swift in Sources */ = {isa = PBXBuildFile; fileRef = 4A42BF0A201A941300AC91DF /* CitiesListViewModelTests.swift */; };
		4A42BF0D201A943F00AC91DF /* cities.json in Resources */ = {isa = PBXBuildFile; fileRef = 4A42BF0C201A943F00AC91DF /* cities.json */; };
		4A48A2B1201916FF00EC672A /* City.swift in Sources */ = {isa = PBXBuildFile; fileRef = 4A48A2B0201916FF00EC672A /* City.swift */; };
		4A48A2B4201919B700EC672A /* OpenAQService.swift in Sources */ = {isa = PBXBuildFile; fileRef = 4A48A2B3201919B700EC672A /* OpenAQService.swift */; };
		4A48A2B920191A3B00EC672A /* CitiesListTableViewController.swift in Sources */ = {isa = PBXBuildFile; fileRef = 4A48A2B820191A3B00EC672A /* CitiesListTableViewController.swift */; };
		4A48A2BC20191A5200EC672A /* CitiesListViewModel.swift in Sources */ = {isa = PBXBuildFile; fileRef = 4A48A2BB20191A5200EC672A /* CitiesListViewModel.swift */; };
		4A48A2BE2019310300EC672A /* CityViewModel.swift in Sources */ = {isa = PBXBuildFile; fileRef = 4A48A2BD2019310300EC672A /* CityViewModel.swift */; };
		4A48A2C1201940CC00EC672A /* R.generated.swift in Sources */ = {isa = PBXBuildFile; fileRef = 4A48A2C0201940CB00EC672A /* R.generated.swift */; };
		4AE3EEEC201AAB6300B45F52 /* cities_minimum.json in Resources */ = {isa = PBXBuildFile; fileRef = 4AE3EEEB201AAB6300B45F52 /* cities_minimum.json */; };
		A07FA1D067DCA0A8D62639F9 /* Pods_Air_QualityTests.framework in Frameworks */ = {isa = PBXBuildFile; fileRef = 42EB851B37DEA458E2F7FBF4 /* Pods_Air_QualityTests.framework */; };
		C4D8278400FB230862067097 /* Pods_Air_Quality.framework in Frameworks */ = {isa = PBXBuildFile; fileRef = 15A38AFF85DDD9A2A55DAA45 /* Pods_Air_Quality.framework */; };
/* End PBXBuildFile section */

/* Begin PBXContainerItemProxy section */
		4A02B70A2018E38600B92AF7 /* PBXContainerItemProxy */ = {
			isa = PBXContainerItemProxy;
			containerPortal = 4A02B6ED2018E38600B92AF7 /* Project object */;
			proxyType = 1;
			remoteGlobalIDString = 4A02B6F42018E38600B92AF7;
			remoteInfo = "Air Quality";
		};
/* End PBXContainerItemProxy section */

/* Begin PBXFileReference section */
		154DC9D0F18846E529625696 /* Pods-Air Quality.debug.xcconfig */ = {isa = PBXFileReference; includeInIndex = 1; lastKnownFileType = text.xcconfig; name = "Pods-Air Quality.debug.xcconfig"; path = "Pods/Target Support Files/Pods-Air Quality/Pods-Air Quality.debug.xcconfig"; sourceTree = "<group>"; };
		15A38AFF85DDD9A2A55DAA45 /* Pods_Air_Quality.framework */ = {isa = PBXFileReference; explicitFileType = wrapper.framework; includeInIndex = 0; path = Pods_Air_Quality.framework; sourceTree = BUILT_PRODUCTS_DIR; };
		42EB851B37DEA458E2F7FBF4 /* Pods_Air_QualityTests.framework */ = {isa = PBXFileReference; explicitFileType = wrapper.framework; includeInIndex = 0; path = Pods_Air_QualityTests.framework; sourceTree = BUILT_PRODUCTS_DIR; };
		4A02B6F52018E38600B92AF7 /* Air Quality.app */ = {isa = PBXFileReference; explicitFileType = wrapper.application; includeInIndex = 0; path = "Air Quality.app"; sourceTree = BUILT_PRODUCTS_DIR; };
		4A02B6F82018E38600B92AF7 /* AppDelegate.swift */ = {isa = PBXFileReference; lastKnownFileType = sourcecode.swift; path = AppDelegate.swift; sourceTree = "<group>"; };
		4A02B6FD2018E38600B92AF7 /* Base */ = {isa = PBXFileReference; lastKnownFileType = file.storyboard; name = Base; path = Base.lproj/Main.storyboard; sourceTree = "<group>"; };
		4A02B6FF2018E38600B92AF7 /* Assets.xcassets */ = {isa = PBXFileReference; lastKnownFileType = folder.assetcatalog; path = Assets.xcassets; sourceTree = "<group>"; };
		4A02B7022018E38600B92AF7 /* Base */ = {isa = PBXFileReference; lastKnownFileType = file.storyboard; name = Base; path = Base.lproj/LaunchScreen.storyboard; sourceTree = "<group>"; };
		4A02B7042018E38600B92AF7 /* Info.plist */ = {isa = PBXFileReference; lastKnownFileType = text.plist.xml; path = Info.plist; sourceTree = "<group>"; };
		4A02B7092018E38600B92AF7 /* Air QualityTests.xctest */ = {isa = PBXFileReference; explicitFileType = wrapper.cfbundle; includeInIndex = 0; path = "Air QualityTests.xctest"; sourceTree = BUILT_PRODUCTS_DIR; };
		4A02B70D2018E38600B92AF7 /* Air_QualityTests.swift */ = {isa = PBXFileReference; lastKnownFileType = sourcecode.swift; path = Air_QualityTests.swift; sourceTree = "<group>"; };
		4A02B70F2018E38600B92AF7 /* Info.plist */ = {isa = PBXFileReference; lastKnownFileType = text.plist.xml; path = Info.plist; sourceTree = "<group>"; };
		4A42BF0A201A941300AC91DF /* CitiesListViewModelTests.swift */ = {isa = PBXFileReference; lastKnownFileType = sourcecode.swift; path = CitiesListViewModelTests.swift; sourceTree = "<group>"; };
		4A42BF0C201A943F00AC91DF /* cities.json */ = {isa = PBXFileReference; lastKnownFileType = text.json; path = cities.json; sourceTree = "<group>"; };
		4A48A2B0201916FF00EC672A /* City.swift */ = {isa = PBXFileReference; lastKnownFileType = sourcecode.swift; path = City.swift; sourceTree = "<group>"; };
		4A48A2B3201919B700EC672A /* OpenAQService.swift */ = {isa = PBXFileReference; lastKnownFileType = sourcecode.swift; path = OpenAQService.swift; sourceTree = "<group>"; };
		4A48A2B820191A3B00EC672A /* CitiesListTableViewController.swift */ = {isa = PBXFileReference; lastKnownFileType = sourcecode.swift; path = CitiesListTableViewController.swift; sourceTree = "<group>"; };
		4A48A2BB20191A5200EC672A /* CitiesListViewModel.swift */ = {isa = PBXFileReference; lastKnownFileType = sourcecode.swift; path = CitiesListViewModel.swift; sourceTree = "<group>"; };
		4A48A2BD2019310300EC672A /* CityViewModel.swift */ = {isa = PBXFileReference; lastKnownFileType = sourcecode.swift; path = CityViewModel.swift; sourceTree = "<group>"; };
		4A48A2C0201940CB00EC672A /* R.generated.swift */ = {isa = PBXFileReference; fileEncoding = 4; lastKnownFileType = sourcecode.swift; path = R.generated.swift; sourceTree = SOURCE_ROOT; };
		4AE3EEEB201AAB6300B45F52 /* cities_minimum.json */ = {isa = PBXFileReference; lastKnownFileType = text.json; path = cities_minimum.json; sourceTree = "<group>"; };
		979DF065C6EC62A3D6E521C8 /* Pods-Air QualityTests.release.xcconfig */ = {isa = PBXFileReference; includeInIndex = 1; lastKnownFileType = text.xcconfig; name = "Pods-Air QualityTests.release.xcconfig"; path = "Pods/Target Support Files/Pods-Air QualityTests/Pods-Air QualityTests.release.xcconfig"; sourceTree = "<group>"; };
		E1FC27E644DED67AEAD94709 /* Pods-Air Quality.release.xcconfig */ = {isa = PBXFileReference; includeInIndex = 1; lastKnownFileType = text.xcconfig; name = "Pods-Air Quality.release.xcconfig"; path = "Pods/Target Support Files/Pods-Air Quality/Pods-Air Quality.release.xcconfig"; sourceTree = "<group>"; };
		F03EC37B0DA202C63120A6BF /* Pods-Air QualityTests.debug.xcconfig */ = {isa = PBXFileReference; includeInIndex = 1; lastKnownFileType = text.xcconfig; name = "Pods-Air QualityTests.debug.xcconfig"; path = "Pods/Target Support Files/Pods-Air QualityTests/Pods-Air QualityTests.debug.xcconfig"; sourceTree = "<group>"; };
/* End PBXFileReference section */

/* Begin PBXFrameworksBuildPhase section */
		4A02B6F22018E38600B92AF7 /* Frameworks */ = {
			isa = PBXFrameworksBuildPhase;
			buildActionMask = 2147483647;
			files = (
				C4D8278400FB230862067097 /* Pods_Air_Quality.framework in Frameworks */,
			);
			runOnlyForDeploymentPostprocessing = 0;
		};
		4A02B7062018E38600B92AF7 /* Frameworks */ = {
			isa = PBXFrameworksBuildPhase;
			buildActionMask = 2147483647;
			files = (
				A07FA1D067DCA0A8D62639F9 /* Pods_Air_QualityTests.framework in Frameworks */,
			);
			runOnlyForDeploymentPostprocessing = 0;
		};
/* End PBXFrameworksBuildPhase section */

/* Begin PBXGroup section */
		0531A3D6A6039DEC57A47A2D /* Pods */ = {
			isa = PBXGroup;
			children = (
				154DC9D0F18846E529625696 /* Pods-Air Quality.debug.xcconfig */,
				E1FC27E644DED67AEAD94709 /* Pods-Air Quality.release.xcconfig */,
				F03EC37B0DA202C63120A6BF /* Pods-Air QualityTests.debug.xcconfig */,
				979DF065C6EC62A3D6E521C8 /* Pods-Air QualityTests.release.xcconfig */,
			);
			name = Pods;
			sourceTree = "<group>";
		};
		4A02B6EC2018E38600B92AF7 = {
			isa = PBXGroup;
			children = (
				4A02B6F72018E38600B92AF7 /* Air Quality */,
				4A02B70C2018E38600B92AF7 /* Air QualityTests */,
				4A02B6F62018E38600B92AF7 /* Products */,
				0531A3D6A6039DEC57A47A2D /* Pods */,
				9850CA5D925EDB8EB18272D2 /* Frameworks */,
			);
			sourceTree = "<group>";
		};
		4A02B6F62018E38600B92AF7 /* Products */ = {
			isa = PBXGroup;
			children = (
				4A02B6F52018E38600B92AF7 /* Air Quality.app */,
				4A02B7092018E38600B92AF7 /* Air QualityTests.xctest */,
			);
			name = Products;
			sourceTree = "<group>";
		};
		4A02B6F72018E38600B92AF7 /* Air Quality */ = {
			isa = PBXGroup;
			children = (
				4A48A2C0201940CB00EC672A /* R.generated.swift */,
				4A48A2B520191A0100EC672A /* Scenes */,
				4A48A2B22019199F00EC672A /* Service */,
				4A48A2AF2019169400EC672A /* Models */,
				4A02B6F82018E38600B92AF7 /* AppDelegate.swift */,
				4A02B6FC2018E38600B92AF7 /* Main.storyboard */,
				4A02B6FF2018E38600B92AF7 /* Assets.xcassets */,
				4A02B7012018E38600B92AF7 /* LaunchScreen.storyboard */,
				4A02B7042018E38600B92AF7 /* Info.plist */,
			);
			path = "Air Quality";
			sourceTree = "<group>";
		};
		4A02B70C2018E38600B92AF7 /* Air QualityTests */ = {
			isa = PBXGroup;
			children = (
				4A02B70D2018E38600B92AF7 /* Air_QualityTests.swift */,
				4A02B70F2018E38600B92AF7 /* Info.plist */,
				4A42BF0A201A941300AC91DF /* CitiesListViewModelTests.swift */,
				4A42BF0C201A943F00AC91DF /* cities.json */,
				4AE3EEEB201AAB6300B45F52 /* cities_minimum.json */,
			);
			path = "Air QualityTests";
			sourceTree = "<group>";
		};
		4A48A2AF2019169400EC672A /* Models */ = {
			isa = PBXGroup;
			children = (
				4A48A2B0201916FF00EC672A /* City.swift */,
			);
			path = Models;
			sourceTree = "<group>";
		};
		4A48A2B22019199F00EC672A /* Service */ = {
			isa = PBXGroup;
			children = (
				4A48A2B3201919B700EC672A /* OpenAQService.swift */,
			);
			path = Service;
			sourceTree = "<group>";
		};
		4A48A2B520191A0100EC672A /* Scenes */ = {
			isa = PBXGroup;
			children = (
				4A48A2B620191A0800EC672A /* List */,
			);
			path = Scenes;
			sourceTree = "<group>";
		};
		4A48A2B620191A0800EC672A /* List */ = {
			isa = PBXGroup;
			children = (
				4A48A2BA20191A4600EC672A /* View Models */,
				4A48A2B720191A3200EC672A /* Views */,
			);
			path = List;
			sourceTree = "<group>";
		};
		4A48A2B720191A3200EC672A /* Views */ = {
			isa = PBXGroup;
			children = (
				4A48A2B820191A3B00EC672A /* CitiesListTableViewController.swift */,
			);
			path = Views;
			sourceTree = "<group>";
		};
		4A48A2BA20191A4600EC672A /* View Models */ = {
			isa = PBXGroup;
			children = (
				4A48A2BB20191A5200EC672A /* CitiesListViewModel.swift */,
				4A48A2BD2019310300EC672A /* CityViewModel.swift */,
			);
			path = "View Models";
			sourceTree = "<group>";
		};
		9850CA5D925EDB8EB18272D2 /* Frameworks */ = {
			isa = PBXGroup;
			children = (
				15A38AFF85DDD9A2A55DAA45 /* Pods_Air_Quality.framework */,
				42EB851B37DEA458E2F7FBF4 /* Pods_Air_QualityTests.framework */,
			);
			name = Frameworks;
			sourceTree = "<group>";
		};
/* End PBXGroup section */

/* Begin PBXNativeTarget section */
		4A02B6F42018E38600B92AF7 /* Air Quality */ = {
			isa = PBXNativeTarget;
			buildConfigurationList = 4A02B7122018E38600B92AF7 /* Build configuration list for PBXNativeTarget "Air Quality" */;
			buildPhases = (
				97A319B35A708CFA81E6AFC0 /* [CP] Check Pods Manifest.lock */,
				4A02B6F12018E38600B92AF7 /* Sources */,
				4A02B6F22018E38600B92AF7 /* Frameworks */,
				4A02B6F32018E38600B92AF7 /* Resources */,
				7F98F4BD0A0FD31FC29475AE /* [CP] Embed Pods Frameworks */,
				2C3CEB5585985023048E532A /* [CP] Copy Pods Resources */,
				4A48A2BF20193FEE00EC672A /* ShellScript */,
			);
			buildRules = (
			);
			dependencies = (
			);
			name = "Air Quality";
			productName = "Air Quality";
			productReference = 4A02B6F52018E38600B92AF7 /* Air Quality.app */;
			productType = "com.apple.product-type.application";
		};
		4A02B7082018E38600B92AF7 /* Air QualityTests */ = {
			isa = PBXNativeTarget;
			buildConfigurationList = 4A02B7152018E38600B92AF7 /* Build configuration list for PBXNativeTarget "Air QualityTests" */;
			buildPhases = (
				D2F33F2B12CB14FC12B01592 /* [CP] Check Pods Manifest.lock */,
				4A02B7052018E38600B92AF7 /* Sources */,
				4A02B7062018E38600B92AF7 /* Frameworks */,
				4A02B7072018E38600B92AF7 /* Resources */,
				3A9636E6A89A732BC8BB27C3 /* [CP] Embed Pods Frameworks */,
				E7637C4A9AE4F1E882534BDB /* [CP] Copy Pods Resources */,
			);
			buildRules = (
			);
			dependencies = (
				4A02B70B2018E38600B92AF7 /* PBXTargetDependency */,
			);
			name = "Air QualityTests";
			productName = "Air QualityTests";
			productReference = 4A02B7092018E38600B92AF7 /* Air QualityTests.xctest */;
			productType = "com.apple.product-type.bundle.unit-test";
		};
/* End PBXNativeTarget section */

/* Begin PBXProject section */
		4A02B6ED2018E38600B92AF7 /* Project object */ = {
			isa = PBXProject;
			attributes = {
				LastSwiftUpdateCheck = 0920;
				LastUpgradeCheck = 0920;
				ORGANIZATIONNAME = "Anthony Hoang";
				TargetAttributes = {
					4A02B6F42018E38600B92AF7 = {
						CreatedOnToolsVersion = 9.2;
						ProvisioningStyle = Automatic;
					};
					4A02B7082018E38600B92AF7 = {
						CreatedOnToolsVersion = 9.2;
						ProvisioningStyle = Automatic;
						TestTargetID = 4A02B6F42018E38600B92AF7;
					};
				};
			};
			buildConfigurationList = 4A02B6F02018E38600B92AF7 /* Build configuration list for PBXProject "Air Quality" */;
			compatibilityVersion = "Xcode 8.0";
			developmentRegion = en;
			hasScannedForEncodings = 0;
			knownRegions = (
				en,
				Base,
			);
			mainGroup = 4A02B6EC2018E38600B92AF7;
			productRefGroup = 4A02B6F62018E38600B92AF7 /* Products */;
			projectDirPath = "";
			projectRoot = "";
			targets = (
				4A02B6F42018E38600B92AF7 /* Air Quality */,
				4A02B7082018E38600B92AF7 /* Air QualityTests */,
			);
		};
/* End PBXProject section */

/* Begin PBXResourcesBuildPhase section */
		4A02B6F32018E38600B92AF7 /* Resources */ = {
			isa = PBXResourcesBuildPhase;
			buildActionMask = 2147483647;
			files = (
				4A02B7032018E38600B92AF7 /* LaunchScreen.storyboard in Resources */,
				4A02B7002018E38600B92AF7 /* Assets.xcassets in Resources */,
				4A02B6FE2018E38600B92AF7 /* Main.storyboard in Resources */,
			);
			runOnlyForDeploymentPostprocessing = 0;
		};
		4A02B7072018E38600B92AF7 /* Resources */ = {
			isa = PBXResourcesBuildPhase;
			buildActionMask = 2147483647;
			files = (
				4A42BF0D201A943F00AC91DF /* cities.json in Resources */,
				4AE3EEEC201AAB6300B45F52 /* cities_minimum.json in Resources */,
			);
			runOnlyForDeploymentPostprocessing = 0;
		};
/* End PBXResourcesBuildPhase section */

/* Begin PBXShellScriptBuildPhase section */
		2C3CEB5585985023048E532A /* [CP] Copy Pods Resources */ = {
			isa = PBXShellScriptBuildPhase;
			buildActionMask = 2147483647;
			files = (
			);
			inputPaths = (
			);
			name = "[CP] Copy Pods Resources";
			outputPaths = (
			);
			runOnlyForDeploymentPostprocessing = 0;
			shellPath = /bin/sh;
			shellScript = "\"${SRCROOT}/Pods/Target Support Files/Pods-Air Quality/Pods-Air Quality-resources.sh\"\n";
			showEnvVarsInLog = 0;
		};
		3A9636E6A89A732BC8BB27C3 /* [CP] Embed Pods Frameworks */ = {
			isa = PBXShellScriptBuildPhase;
			buildActionMask = 2147483647;
			files = (
			);
			inputPaths = (
				"${SRCROOT}/Pods/Target Support Files/Pods-Air QualityTests/Pods-Air QualityTests-frameworks.sh",
				"${BUILT_PRODUCTS_DIR}/Alamofire/Alamofire.framework",
				"${BUILT_PRODUCTS_DIR}/AlamofireImage/AlamofireImage.framework",
				"${BUILT_PRODUCTS_DIR}/Differentiator/Differentiator.framework",
				"${BUILT_PRODUCTS_DIR}/PromiseKit/PromiseKit.framework",
				"${BUILT_PRODUCTS_DIR}/R.swift.Library/Rswift.framework",
				"${BUILT_PRODUCTS_DIR}/RxCocoa/RxCocoa.framework",
				"${BUILT_PRODUCTS_DIR}/RxDataSources/RxDataSources.framework",
				"${BUILT_PRODUCTS_DIR}/RxSwift/RxSwift.framework",
				"${BUILT_PRODUCTS_DIR}/SVProgressHUD/SVProgressHUD.framework",
				"${BUILT_PRODUCTS_DIR}/SwiftMessages/SwiftMessages.framework",
				"${BUILT_PRODUCTS_DIR}/SwiftyJSON/SwiftyJSON.framework",
				"${BUILT_PRODUCTS_DIR}/OHHTTPStubs/OHHTTPStubs.framework",
			);
			name = "[CP] Embed Pods Frameworks";
			outputPaths = (
				"${TARGET_BUILD_DIR}/${FRAMEWORKS_FOLDER_PATH}/Alamofire.framework",
				"${TARGET_BUILD_DIR}/${FRAMEWORKS_FOLDER_PATH}/AlamofireImage.framework",
				"${TARGET_BUILD_DIR}/${FRAMEWORKS_FOLDER_PATH}/Differentiator.framework",
				"${TARGET_BUILD_DIR}/${FRAMEWORKS_FOLDER_PATH}/PromiseKit.framework",
				"${TARGET_BUILD_DIR}/${FRAMEWORKS_FOLDER_PATH}/Rswift.framework",
				"${TARGET_BUILD_DIR}/${FRAMEWORKS_FOLDER_PATH}/RxCocoa.framework",
				"${TARGET_BUILD_DIR}/${FRAMEWORKS_FOLDER_PATH}/RxDataSources.framework",
				"${TARGET_BUILD_DIR}/${FRAMEWORKS_FOLDER_PATH}/RxSwift.framework",
				"${TARGET_BUILD_DIR}/${FRAMEWORKS_FOLDER_PATH}/SVProgressHUD.framework",
				"${TARGET_BUILD_DIR}/${FRAMEWORKS_FOLDER_PATH}/SwiftMessages.framework",
				"${TARGET_BUILD_DIR}/${FRAMEWORKS_FOLDER_PATH}/SwiftyJSON.framework",
				"${TARGET_BUILD_DIR}/${FRAMEWORKS_FOLDER_PATH}/OHHTTPStubs.framework",
			);
			runOnlyForDeploymentPostprocessing = 0;
			shellPath = /bin/sh;
			shellScript = "\"${SRCROOT}/Pods/Target Support Files/Pods-Air QualityTests/Pods-Air QualityTests-frameworks.sh\"\n";
			showEnvVarsInLog = 0;
		};
		4A48A2BF20193FEE00EC672A /* ShellScript */ = {
			isa = PBXShellScriptBuildPhase;
			buildActionMask = 2147483647;
			files = (
			);
			inputPaths = (
			);
			outputPaths = (
			);
			runOnlyForDeploymentPostprocessing = 0;
			shellPath = /bin/sh;
			shellScript = "\"$PODS_ROOT/R.swift/rswift\" generate \"$SRCROOT\"";
		};
		7F98F4BD0A0FD31FC29475AE /* [CP] Embed Pods Frameworks */ = {
			isa = PBXShellScriptBuildPhase;
			buildActionMask = 2147483647;
			files = (
			);
			inputPaths = (
				"${SRCROOT}/Pods/Target Support Files/Pods-Air Quality/Pods-Air Quality-frameworks.sh",
				"${BUILT_PRODUCTS_DIR}/Alamofire/Alamofire.framework",
				"${BUILT_PRODUCTS_DIR}/AlamofireImage/AlamofireImage.framework",
				"${BUILT_PRODUCTS_DIR}/Differentiator/Differentiator.framework",
				"${BUILT_PRODUCTS_DIR}/PromiseKit/PromiseKit.framework",
				"${BUILT_PRODUCTS_DIR}/R.swift.Library/Rswift.framework",
				"${BUILT_PRODUCTS_DIR}/RxCocoa/RxCocoa.framework",
				"${BUILT_PRODUCTS_DIR}/RxDataSources/RxDataSources.framework",
				"${BUILT_PRODUCTS_DIR}/RxSwift/RxSwift.framework",
				"${BUILT_PRODUCTS_DIR}/SVProgressHUD/SVProgressHUD.framework",
				"${BUILT_PRODUCTS_DIR}/SwiftMessages/SwiftMessages.framework",
				"${BUILT_PRODUCTS_DIR}/SwiftyJSON/SwiftyJSON.framework",
			);
			name = "[CP] Embed Pods Frameworks";
			outputPaths = (
				"${TARGET_BUILD_DIR}/${FRAMEWORKS_FOLDER_PATH}/Alamofire.framework",
				"${TARGET_BUILD_DIR}/${FRAMEWORKS_FOLDER_PATH}/AlamofireImage.framework",
				"${TARGET_BUILD_DIR}/${FRAMEWORKS_FOLDER_PATH}/Differentiator.framework",
				"${TARGET_BUILD_DIR}/${FRAMEWORKS_FOLDER_PATH}/PromiseKit.framework",
				"${TARGET_BUILD_DIR}/${FRAMEWORKS_FOLDER_PATH}/Rswift.framework",
				"${TARGET_BUILD_DIR}/${FRAMEWORKS_FOLDER_PATH}/RxCocoa.framework",
				"${TARGET_BUILD_DIR}/${FRAMEWORKS_FOLDER_PATH}/RxDataSources.framework",
				"${TARGET_BUILD_DIR}/${FRAMEWORKS_FOLDER_PATH}/RxSwift.framework",
				"${TARGET_BUILD_DIR}/${FRAMEWORKS_FOLDER_PATH}/SVProgressHUD.framework",
				"${TARGET_BUILD_DIR}/${FRAMEWORKS_FOLDER_PATH}/SwiftMessages.framework",
				"${TARGET_BUILD_DIR}/${FRAMEWORKS_FOLDER_PATH}/SwiftyJSON.framework",
			);
			runOnlyForDeploymentPostprocessing = 0;
			shellPath = /bin/sh;
			shellScript = "\"${SRCROOT}/Pods/Target Support Files/Pods-Air Quality/Pods-Air Quality-frameworks.sh\"\n";
			showEnvVarsInLog = 0;
		};
		97A319B35A708CFA81E6AFC0 /* [CP] Check Pods Manifest.lock */ = {
			isa = PBXShellScriptBuildPhase;
			buildActionMask = 2147483647;
			files = (
			);
			inputPaths = (
				"${PODS_PODFILE_DIR_PATH}/Podfile.lock",
				"${PODS_ROOT}/Manifest.lock",
			);
			name = "[CP] Check Pods Manifest.lock";
			outputPaths = (
				"$(DERIVED_FILE_DIR)/Pods-Air Quality-checkManifestLockResult.txt",
			);
			runOnlyForDeploymentPostprocessing = 0;
			shellPath = /bin/sh;
			shellScript = "diff \"${PODS_PODFILE_DIR_PATH}/Podfile.lock\" \"${PODS_ROOT}/Manifest.lock\" > /dev/null\nif [ $? != 0 ] ; then\n    # print error to STDERR\n    echo \"error: The sandbox is not in sync with the Podfile.lock. Run 'pod install' or update your CocoaPods installation.\" >&2\n    exit 1\nfi\n# This output is used by Xcode 'outputs' to avoid re-running this script phase.\necho \"SUCCESS\" > \"${SCRIPT_OUTPUT_FILE_0}\"\n";
			showEnvVarsInLog = 0;
		};
		D2F33F2B12CB14FC12B01592 /* [CP] Check Pods Manifest.lock */ = {
			isa = PBXShellScriptBuildPhase;
			buildActionMask = 2147483647;
			files = (
			);
			inputPaths = (
				"${PODS_PODFILE_DIR_PATH}/Podfile.lock",
				"${PODS_ROOT}/Manifest.lock",
			);
			name = "[CP] Check Pods Manifest.lock";
			outputPaths = (
				"$(DERIVED_FILE_DIR)/Pods-Air QualityTests-checkManifestLockResult.txt",
			);
			runOnlyForDeploymentPostprocessing = 0;
			shellPath = /bin/sh;
			shellScript = "diff \"${PODS_PODFILE_DIR_PATH}/Podfile.lock\" \"${PODS_ROOT}/Manifest.lock\" > /dev/null\nif [ $? != 0 ] ; then\n    # print error to STDERR\n    echo \"error: The sandbox is not in sync with the Podfile.lock. Run 'pod install' or update your CocoaPods installation.\" >&2\n    exit 1\nfi\n# This output is used by Xcode 'outputs' to avoid re-running this script phase.\necho \"SUCCESS\" > \"${SCRIPT_OUTPUT_FILE_0}\"\n";
			showEnvVarsInLog = 0;
		};
		E7637C4A9AE4F1E882534BDB /* [CP] Copy Pods Resources */ = {
			isa = PBXShellScriptBuildPhase;
			buildActionMask = 2147483647;
			files = (
			);
			inputPaths = (
			);
			name = "[CP] Copy Pods Resources";
			outputPaths = (
			);
			runOnlyForDeploymentPostprocessing = 0;
			shellPath = /bin/sh;
			shellScript = "\"${SRCROOT}/Pods/Target Support Files/Pods-Air QualityTests/Pods-Air QualityTests-resources.sh\"\n";
			showEnvVarsInLog = 0;
		};
/* End PBXShellScriptBuildPhase section */

/* Begin PBXSourcesBuildPhase section */
		4A02B6F12018E38600B92AF7 /* Sources */ = {
			isa = PBXSourcesBuildPhase;
			buildActionMask = 2147483647;
			files = (
				4A02B6F92018E38600B92AF7 /* AppDelegate.swift in Sources */,
				4A48A2C1201940CC00EC672A /* R.generated.swift in Sources */,
				4A48A2BE2019310300EC672A /* CityViewModel.swift in Sources */,
				4A48A2B1201916FF00EC672A /* City.swift in Sources */,
				4A48A2B920191A3B00EC672A /* CitiesListTableViewController.swift in Sources */,
				4A48A2BC20191A5200EC672A /* CitiesListViewModel.swift in Sources */,
				4A48A2B4201919B700EC672A /* OpenAQService.swift in Sources */,
			);
			runOnlyForDeploymentPostprocessing = 0;
		};
		4A02B7052018E38600B92AF7 /* Sources */ = {
			isa = PBXSourcesBuildPhase;
			buildActionMask = 2147483647;
			files = (
				4A02B70E2018E38600B92AF7 /* Air_QualityTests.swift in Sources */,
				4A42BF0B201A941300AC91DF /* CitiesListViewModelTests.swift in Sources */,
			);
			runOnlyForDeploymentPostprocessing = 0;
		};
/* End PBXSourcesBuildPhase section */

/* Begin PBXTargetDependency section */
		4A02B70B2018E38600B92AF7 /* PBXTargetDependency */ = {
			isa = PBXTargetDependency;
			target = 4A02B6F42018E38600B92AF7 /* Air Quality */;
			targetProxy = 4A02B70A2018E38600B92AF7 /* PBXContainerItemProxy */;
		};
/* End PBXTargetDependency section */

/* Begin PBXVariantGroup section */
		4A02B6FC2018E38600B92AF7 /* Main.storyboard */ = {
			isa = PBXVariantGroup;
			children = (
				4A02B6FD2018E38600B92AF7 /* Base */,
			);
			name = Main.storyboard;
			sourceTree = "<group>";
		};
		4A02B7012018E38600B92AF7 /* LaunchScreen.storyboard */ = {
			isa = PBXVariantGroup;
			children = (
				4A02B7022018E38600B92AF7 /* Base */,
			);
			name = LaunchScreen.storyboard;
			sourceTree = "<group>";
		};
/* End PBXVariantGroup section */

/* Begin XCBuildConfiguration section */
		4A02B7102018E38600B92AF7 /* Debug */ = {
			isa = XCBuildConfiguration;
			buildSettings = {
				ALWAYS_SEARCH_USER_PATHS = NO;
				CLANG_ANALYZER_NONNULL = YES;
				CLANG_ANALYZER_NUMBER_OBJECT_CONVERSION = YES_AGGRESSIVE;
				CLANG_CXX_LANGUAGE_STANDARD = "gnu++14";
				CLANG_CXX_LIBRARY = "libc++";
				CLANG_ENABLE_MODULES = YES;
				CLANG_ENABLE_OBJC_ARC = YES;
				CLANG_WARN_BLOCK_CAPTURE_AUTORELEASING = YES;
				CLANG_WARN_BOOL_CONVERSION = YES;
				CLANG_WARN_COMMA = YES;
				CLANG_WARN_CONSTANT_CONVERSION = YES;
				CLANG_WARN_DIRECT_OBJC_ISA_USAGE = YES_ERROR;
				CLANG_WARN_DOCUMENTATION_COMMENTS = YES;
				CLANG_WARN_EMPTY_BODY = YES;
				CLANG_WARN_ENUM_CONVERSION = YES;
				CLANG_WARN_INFINITE_RECURSION = YES;
				CLANG_WARN_INT_CONVERSION = YES;
				CLANG_WARN_NON_LITERAL_NULL_CONVERSION = YES;
				CLANG_WARN_OBJC_LITERAL_CONVERSION = YES;
				CLANG_WARN_OBJC_ROOT_CLASS = YES_ERROR;
				CLANG_WARN_RANGE_LOOP_ANALYSIS = YES;
				CLANG_WARN_STRICT_PROTOTYPES = YES;
				CLANG_WARN_SUSPICIOUS_MOVE = YES;
				CLANG_WARN_UNGUARDED_AVAILABILITY = YES_AGGRESSIVE;
				CLANG_WARN_UNREACHABLE_CODE = YES;
				CLANG_WARN__DUPLICATE_METHOD_MATCH = YES;
				CODE_SIGN_IDENTITY = "iPhone Developer";
				COPY_PHASE_STRIP = NO;
				DEBUG_INFORMATION_FORMAT = dwarf;
				ENABLE_STRICT_OBJC_MSGSEND = YES;
				ENABLE_TESTABILITY = YES;
				GCC_C_LANGUAGE_STANDARD = gnu11;
				GCC_DYNAMIC_NO_PIC = NO;
				GCC_NO_COMMON_BLOCKS = YES;
				GCC_OPTIMIZATION_LEVEL = 0;
				GCC_PREPROCESSOR_DEFINITIONS = (
					"DEBUG=1",
					"$(inherited)",
				);
				GCC_WARN_64_TO_32_BIT_CONVERSION = YES;
				GCC_WARN_ABOUT_RETURN_TYPE = YES_ERROR;
				GCC_WARN_UNDECLARED_SELECTOR = YES;
				GCC_WARN_UNINITIALIZED_AUTOS = YES_AGGRESSIVE;
				GCC_WARN_UNUSED_FUNCTION = YES;
				GCC_WARN_UNUSED_VARIABLE = YES;
				IPHONEOS_DEPLOYMENT_TARGET = 11.2;
				MTL_ENABLE_DEBUG_INFO = YES;
				ONLY_ACTIVE_ARCH = YES;
				SDKROOT = iphoneos;
				SWIFT_ACTIVE_COMPILATION_CONDITIONS = DEBUG;
				SWIFT_OPTIMIZATION_LEVEL = "-Onone";
			};
			name = Debug;
		};
		4A02B7112018E38600B92AF7 /* Release */ = {
			isa = XCBuildConfiguration;
			buildSettings = {
				ALWAYS_SEARCH_USER_PATHS = NO;
				CLANG_ANALYZER_NONNULL = YES;
				CLANG_ANALYZER_NUMBER_OBJECT_CONVERSION = YES_AGGRESSIVE;
				CLANG_CXX_LANGUAGE_STANDARD = "gnu++14";
				CLANG_CXX_LIBRARY = "libc++";
				CLANG_ENABLE_MODULES = YES;
				CLANG_ENABLE_OBJC_ARC = YES;
				CLANG_WARN_BLOCK_CAPTURE_AUTORELEASING = YES;
				CLANG_WARN_BOOL_CONVERSION = YES;
				CLANG_WARN_COMMA = YES;
				CLANG_WARN_CONSTANT_CONVERSION = YES;
				CLANG_WARN_DIRECT_OBJC_ISA_USAGE = YES_ERROR;
				CLANG_WARN_DOCUMENTATION_COMMENTS = YES;
				CLANG_WARN_EMPTY_BODY = YES;
				CLANG_WARN_ENUM_CONVERSION = YES;
				CLANG_WARN_INFINITE_RECURSION = YES;
				CLANG_WARN_INT_CONVERSION = YES;
				CLANG_WARN_NON_LITERAL_NULL_CONVERSION = YES;
				CLANG_WARN_OBJC_LITERAL_CONVERSION = YES;
				CLANG_WARN_OBJC_ROOT_CLASS = YES_ERROR;
				CLANG_WARN_RANGE_LOOP_ANALYSIS = YES;
				CLANG_WARN_STRICT_PROTOTYPES = YES;
				CLANG_WARN_SUSPICIOUS_MOVE = YES;
				CLANG_WARN_UNGUARDED_AVAILABILITY = YES_AGGRESSIVE;
				CLANG_WARN_UNREACHABLE_CODE = YES;
				CLANG_WARN__DUPLICATE_METHOD_MATCH = YES;
				CODE_SIGN_IDENTITY = "iPhone Developer";
				COPY_PHASE_STRIP = NO;
				DEBUG_INFORMATION_FORMAT = "dwarf-with-dsym";
				ENABLE_NS_ASSERTIONS = NO;
				ENABLE_STRICT_OBJC_MSGSEND = YES;
				GCC_C_LANGUAGE_STANDARD = gnu11;
				GCC_NO_COMMON_BLOCKS = YES;
				GCC_WARN_64_TO_32_BIT_CONVERSION = YES;
				GCC_WARN_ABOUT_RETURN_TYPE = YES_ERROR;
				GCC_WARN_UNDECLARED_SELECTOR = YES;
				GCC_WARN_UNINITIALIZED_AUTOS = YES_AGGRESSIVE;
				GCC_WARN_UNUSED_FUNCTION = YES;
				GCC_WARN_UNUSED_VARIABLE = YES;
				IPHONEOS_DEPLOYMENT_TARGET = 11.2;
				MTL_ENABLE_DEBUG_INFO = NO;
				SDKROOT = iphoneos;
				SWIFT_OPTIMIZATION_LEVEL = "-Owholemodule";
				VALIDATE_PRODUCT = YES;
			};
			name = Release;
		};
		4A02B7132018E38600B92AF7 /* Debug */ = {
			isa = XCBuildConfiguration;
			baseConfigurationReference = 154DC9D0F18846E529625696 /* Pods-Air Quality.debug.xcconfig */;
			buildSettings = {
				ASSETCATALOG_COMPILER_APPICON_NAME = AppIcon;
				CODE_SIGN_STYLE = Automatic;
				DEVELOPMENT_TEAM = 694SF89BJ3;
				INFOPLIST_FILE = "Air Quality/Info.plist";
				LD_RUNPATH_SEARCH_PATHS = "$(inherited) @executable_path/Frameworks";
				PRODUCT_BUNDLE_IDENTIFIER = "com.dopedevelopment.Air-Quality";
				PRODUCT_NAME = "$(TARGET_NAME)";
				SWIFT_VERSION = 4.0;
				TARGETED_DEVICE_FAMILY = "1,2";
			};
			name = Debug;
		};
		4A02B7142018E38600B92AF7 /* Release */ = {
			isa = XCBuildConfiguration;
			baseConfigurationReference = E1FC27E644DED67AEAD94709 /* Pods-Air Quality.release.xcconfig */;
			buildSettings = {
				ASSETCATALOG_COMPILER_APPICON_NAME = AppIcon;
				CODE_SIGN_STYLE = Automatic;
				DEVELOPMENT_TEAM = 694SF89BJ3;
				INFOPLIST_FILE = "Air Quality/Info.plist";
				LD_RUNPATH_SEARCH_PATHS = "$(inherited) @executable_path/Frameworks";
				PRODUCT_BUNDLE_IDENTIFIER = "com.dopedevelopment.Air-Quality";
				PRODUCT_NAME = "$(TARGET_NAME)";
				SWIFT_VERSION = 4.0;
				TARGETED_DEVICE_FAMILY = "1,2";
			};
			name = Release;
		};
		4A02B7162018E38600B92AF7 /* Debug */ = {
			isa = XCBuildConfiguration;
			baseConfigurationReference = F03EC37B0DA202C63120A6BF /* Pods-Air QualityTests.debug.xcconfig */;
			buildSettings = {
				ALWAYS_EMBED_SWIFT_STANDARD_LIBRARIES = YES;
				BUNDLE_LOADER = "$(TEST_HOST)";
				CODE_SIGN_STYLE = Automatic;
				DEVELOPMENT_TEAM = 694SF89BJ3;
				INFOPLIST_FILE = "Air QualityTests/Info.plist";
				LD_RUNPATH_SEARCH_PATHS = "$(inherited) @executable_path/Frameworks @loader_path/Frameworks";
				PRODUCT_BUNDLE_IDENTIFIER = "com.dopedevelopment.Air-QualityTests";
				PRODUCT_NAME = "$(TARGET_NAME)";
				SWIFT_VERSION = 4.0;
				TARGETED_DEVICE_FAMILY = "1,2";
				TEST_HOST = "$(BUILT_PRODUCTS_DIR)/Air Quality.app/Air Quality";
			};
			name = Debug;
		};
		4A02B7172018E38600B92AF7 /* Release */ = {
			isa = XCBuildConfiguration;
			baseConfigurationReference = 979DF065C6EC62A3D6E521C8 /* Pods-Air QualityTests.release.xcconfig */;
			buildSettings = {
				ALWAYS_EMBED_SWIFT_STANDARD_LIBRARIES = YES;
				BUNDLE_LOADER = "$(TEST_HOST)";
				CODE_SIGN_STYLE = Automatic;
				DEVELOPMENT_TEAM = 694SF89BJ3;
				INFOPLIST_FILE = "Air QualityTests/Info.plist";
				LD_RUNPATH_SEARCH_PATHS = "$(inherited) @executable_path/Frameworks @loader_path/Frameworks";
				PRODUCT_BUNDLE_IDENTIFIER = "com.dopedevelopment.Air-QualityTests";
				PRODUCT_NAME = "$(TARGET_NAME)";
				SWIFT_VERSION = 4.0;
				TARGETED_DEVICE_FAMILY = "1,2";
				TEST_HOST = "$(BUILT_PRODUCTS_DIR)/Air Quality.app/Air Quality";
			};
			name = Release;
		};
/* End XCBuildConfiguration section */

/* Begin XCConfigurationList section */
		4A02B6F02018E38600B92AF7 /* Build configuration list for PBXProject "Air Quality" */ = {
			isa = XCConfigurationList;
			buildConfigurations = (
				4A02B7102018E38600B92AF7 /* Debug */,
				4A02B7112018E38600B92AF7 /* Release */,
			);
			defaultConfigurationIsVisible = 0;
			defaultConfigurationName = Release;
		};
		4A02B7122018E38600B92AF7 /* Build configuration list for PBXNativeTarget "Air Quality" */ = {
			isa = XCConfigurationList;
			buildConfigurations = (
				4A02B7132018E38600B92AF7 /* Debug */,
				4A02B7142018E38600B92AF7 /* Release */,
			);
			defaultConfigurationIsVisible = 0;
			defaultConfigurationName = Release;
		};
		4A02B7152018E38600B92AF7 /* Build configuration list for PBXNativeTarget "Air QualityTests" */ = {
			isa = XCConfigurationList;
			buildConfigurations = (
				4A02B7162018E38600B92AF7 /* Debug */,
				4A02B7172018E38600B92AF7 /* Release */,
			);
			defaultConfigurationIsVisible = 0;
			defaultConfigurationName = Release;
		};
/* End XCConfigurationList section */
	};
	rootObject = 4A02B6ED2018E38600B92AF7 /* Project object */;
}
